// !$*UTF8*$!
{
	archiveVersion = 1;
	classes = {
	};
	objectVersion = 55;
	objects = {

/* Begin PBXBuildFile section */
		C0EFC178278E19EF003788BD /* AppDelegate.swift in Sources */ = {isa = PBXBuildFile; fileRef = C0EFC177278E19EF003788BD /* AppDelegate.swift */; };
		C0EFC17A278E19EF003788BD /* SceneDelegate.swift in Sources */ = {isa = PBXBuildFile; fileRef = C0EFC179278E19EF003788BD /* SceneDelegate.swift */; };
		C0EFC17C278E19EF003788BD /* ViewController.swift in Sources */ = {isa = PBXBuildFile; fileRef = C0EFC17B278E19EF003788BD /* ViewController.swift */; };
		C0EFC17F278E19EF003788BD /* Main.storyboard in Resources */ = {isa = PBXBuildFile; fileRef = C0EFC17D278E19EF003788BD /* Main.storyboard */; };
		C0EFC181278E19F0003788BD /* Assets.xcassets in Resources */ = {isa = PBXBuildFile; fileRef = C0EFC180278E19F0003788BD /* Assets.xcassets */; };
		C0EFC184278E19F0003788BD /* LaunchScreen.storyboard in Resources */ = {isa = PBXBuildFile; fileRef = C0EFC182278E19F0003788BD /* LaunchScreen.storyboard */; };
		C0EFC18C278E2622003788BD /* TweetSentimentClassifier.mlmodel in Sources */ = {isa = PBXBuildFile; fileRef = C0EFC18B278E2622003788BD /* TweetSentimentClassifier.mlmodel */; };
		C0EFC1A0278E2D1A003788BD /* SwifteriOS.framework in Frameworks */ = {isa = PBXBuildFile; fileRef = C0EFC196278E2CE2003788BD /* SwifteriOS.framework */; };
		C0EFC1A1278E2D1A003788BD /* SwifteriOS.framework in Embed Frameworks */ = {isa = PBXBuildFile; fileRef = C0EFC196278E2CE2003788BD /* SwifteriOS.framework */; settings = {ATTRIBUTES = (CodeSignOnCopy, RemoveHeadersOnCopy, ); }; };
		C0EFC1A4278EE8BB003788BD /* Secrets.plist in Resources */ = {isa = PBXBuildFile; fileRef = C0EFC1A3278EE8BB003788BD /* Secrets.plist */; };
		C0EFC1A6278EEE36003788BD /* .gitignore.rtf in Resources */ = {isa = PBXBuildFile; fileRef = C0EFC1A5278EEE36003788BD /* .gitignore.rtf */; };
/* End PBXBuildFile section */

/* Begin PBXContainerItemProxy section */
		C0EFC195278E2CE2003788BD /* PBXContainerItemProxy */ = {
			isa = PBXContainerItemProxy;
			containerPortal = C0EFC18D278E2CE2003788BD /* Swifter.xcodeproj */;
			proxyType = 2;
			remoteGlobalIDString = 8B9F50EE1944A5AB00894629;
			remoteInfo = SwifteriOS;
		};
		C0EFC197278E2CE2003788BD /* PBXContainerItemProxy */ = {
			isa = PBXContainerItemProxy;
			containerPortal = C0EFC18D278E2CE2003788BD /* Swifter.xcodeproj */;
			proxyType = 2;
			remoteGlobalIDString = 8B9F51131944A61D00894629;
			remoteInfo = SwifterMac;
		};
		C0EFC199278E2CE2003788BD /* PBXContainerItemProxy */ = {
			isa = PBXContainerItemProxy;
			containerPortal = C0EFC18D278E2CE2003788BD /* Swifter.xcodeproj */;
			proxyType = 2;
			remoteGlobalIDString = 8B300C1F1944AA1A00993175;
			remoteInfo = SwifterDemoiOS;
		};
		C0EFC19B278E2CE2003788BD /* PBXContainerItemProxy */ = {
			isa = PBXContainerItemProxy;
			containerPortal = C0EFC18D278E2CE2003788BD /* Swifter.xcodeproj */;
			proxyType = 2;
			remoteGlobalIDString = 8B300C471944AECB00993175;
			remoteInfo = SwifterDemoMac;
		};
		C0EFC19D278E2CE2003788BD /* PBXContainerItemProxy */ = {
			isa = PBXContainerItemProxy;
			containerPortal = C0EFC18D278E2CE2003788BD /* Swifter.xcodeproj */;
			proxyType = 2;
			remoteGlobalIDString = F6B4D5751C7BAC4500E06514;
			remoteInfo = SwifterTests;
		};
/* End PBXContainerItemProxy section */

/* Begin PBXCopyFilesBuildPhase section */
		C0EFC1A2278E2D1A003788BD /* Embed Frameworks */ = {
			isa = PBXCopyFilesBuildPhase;
			buildActionMask = 2147483647;
			dstPath = "";
			dstSubfolderSpec = 10;
			files = (
				C0EFC1A1278E2D1A003788BD /* SwifteriOS.framework in Embed Frameworks */,
			);
			name = "Embed Frameworks";
			runOnlyForDeploymentPostprocessing = 0;
		};
/* End PBXCopyFilesBuildPhase section */

/* Begin PBXFileReference section */
		C0EFC174278E19EF003788BD /* ML-NLP_Demo.app */ = {isa = PBXFileReference; explicitFileType = wrapper.application; includeInIndex = 0; path = "ML-NLP_Demo.app"; sourceTree = BUILT_PRODUCTS_DIR; };
		C0EFC177278E19EF003788BD /* AppDelegate.swift */ = {isa = PBXFileReference; lastKnownFileType = sourcecode.swift; path = AppDelegate.swift; sourceTree = "<group>"; };
		C0EFC179278E19EF003788BD /* SceneDelegate.swift */ = {isa = PBXFileReference; lastKnownFileType = sourcecode.swift; path = SceneDelegate.swift; sourceTree = "<group>"; };
		C0EFC17B278E19EF003788BD /* ViewController.swift */ = {isa = PBXFileReference; lastKnownFileType = sourcecode.swift; path = ViewController.swift; sourceTree = "<group>"; };
		C0EFC17E278E19EF003788BD /* Base */ = {isa = PBXFileReference; lastKnownFileType = file.storyboard; name = Base; path = Base.lproj/Main.storyboard; sourceTree = "<group>"; };
		C0EFC180278E19F0003788BD /* Assets.xcassets */ = {isa = PBXFileReference; lastKnownFileType = folder.assetcatalog; path = Assets.xcassets; sourceTree = "<group>"; };
		C0EFC183278E19F0003788BD /* Base */ = {isa = PBXFileReference; lastKnownFileType = file.storyboard; name = Base; path = Base.lproj/LaunchScreen.storyboard; sourceTree = "<group>"; };
		C0EFC185278E19F0003788BD /* Info.plist */ = {isa = PBXFileReference; lastKnownFileType = text.plist.xml; path = Info.plist; sourceTree = "<group>"; };
		C0EFC18B278E2622003788BD /* TweetSentimentClassifier.mlmodel */ = {isa = PBXFileReference; lastKnownFileType = file.mlmodel; path = TweetSentimentClassifier.mlmodel; sourceTree = "<group>"; };
		C0EFC18D278E2CE2003788BD /* Swifter.xcodeproj */ = {isa = PBXFileReference; lastKnownFileType = "wrapper.pb-project"; name = Swifter.xcodeproj; path = ../Swifter/Swifter.xcodeproj; sourceTree = "<group>"; };
		C0EFC1A3278EE8BB003788BD /* Secrets.plist */ = {isa = PBXFileReference; lastKnownFileType = text.plist.xml; path = Secrets.plist; sourceTree = "<group>"; };
		C0EFC1A5278EEE36003788BD /* .gitignore.rtf */ = {isa = PBXFileReference; fileEncoding = 4; lastKnownFileType = text.rtf; path = .gitignore.rtf; sourceTree = "<group>"; };
/* End PBXFileReference section */

/* Begin PBXFrameworksBuildPhase section */
		C0EFC171278E19EF003788BD /* Frameworks */ = {
			isa = PBXFrameworksBuildPhase;
			buildActionMask = 2147483647;
			files = (
				C0EFC1A0278E2D1A003788BD /* SwifteriOS.framework in Frameworks */,
			);
			runOnlyForDeploymentPostprocessing = 0;
		};
/* End PBXFrameworksBuildPhase section */

/* Begin PBXGroup section */
		C0EFC16B278E19EF003788BD = {
			isa = PBXGroup;
			children = (
				C0EFC1A5278EEE36003788BD /* .gitignore.rtf */,
				C0EFC18D278E2CE2003788BD /* Swifter.xcodeproj */,
				C0EFC176278E19EF003788BD /* ML-NLP_Demo */,
				C0EFC175278E19EF003788BD /* Products */,
				C0EFC19F278E2D1A003788BD /* Frameworks */,
			);
			sourceTree = "<group>";
		};
		C0EFC175278E19EF003788BD /* Products */ = {
			isa = PBXGroup;
			children = (
				C0EFC174278E19EF003788BD /* ML-NLP_Demo.app */,
			);
			name = Products;
			sourceTree = "<group>";
		};
		C0EFC176278E19EF003788BD /* ML-NLP_Demo */ = {
			isa = PBXGroup;
			children = (
				C0EFC177278E19EF003788BD /* AppDelegate.swift */,
				C0EFC179278E19EF003788BD /* SceneDelegate.swift */,
				C0EFC17B278E19EF003788BD /* ViewController.swift */,
				C0EFC17D278E19EF003788BD /* Main.storyboard */,
				C0EFC180278E19F0003788BD /* Assets.xcassets */,
				C0EFC182278E19F0003788BD /* LaunchScreen.storyboard */,
				C0EFC185278E19F0003788BD /* Info.plist */,
				C0EFC1A3278EE8BB003788BD /* Secrets.plist */,
				C0EFC18B278E2622003788BD /* TweetSentimentClassifier.mlmodel */,
			);
			path = "ML-NLP_Demo";
			sourceTree = "<group>";
		};
		C0EFC18E278E2CE2003788BD /* Products */ = {
			isa = PBXGroup;
			children = (
				C0EFC196278E2CE2003788BD /* SwifteriOS.framework */,
				C0EFC198278E2CE2003788BD /* SwifterMac.framework */,
				C0EFC19A278E2CE2003788BD /* SwifterDemoiOS.app */,
				C0EFC19C278E2CE2003788BD /* SwifterDemoMac.app */,
				C0EFC19E278E2CE2003788BD /* SwifterTests.xctest */,
			);
			name = Products;
			sourceTree = "<group>";
		};
		C0EFC19F278E2D1A003788BD /* Frameworks */ = {
			isa = PBXGroup;
			children = (
			);
			name = Frameworks;
			sourceTree = "<group>";
		};
/* End PBXGroup section */

/* Begin PBXNativeTarget section */
		C0EFC173278E19EF003788BD /* ML-NLP_Demo */ = {
			isa = PBXNativeTarget;
			buildConfigurationList = C0EFC188278E19F0003788BD /* Build configuration list for PBXNativeTarget "ML-NLP_Demo" */;
			buildPhases = (
				C0EFC170278E19EF003788BD /* Sources */,
				C0EFC171278E19EF003788BD /* Frameworks */,
				C0EFC172278E19EF003788BD /* Resources */,
				C0EFC1A2278E2D1A003788BD /* Embed Frameworks */,
			);
			buildRules = (
			);
			dependencies = (
			);
			name = "ML-NLP_Demo";
			productName = "ML-NLP_Demo";
			productReference = C0EFC174278E19EF003788BD /* ML-NLP_Demo.app */;
			productType = "com.apple.product-type.application";
		};
/* End PBXNativeTarget section */

/* Begin PBXProject section */
		C0EFC16C278E19EF003788BD /* Project object */ = {
			isa = PBXProject;
			attributes = {
				BuildIndependentTargetsInParallel = 1;
				LastSwiftUpdateCheck = 1320;
				LastUpgradeCheck = 1320;
				TargetAttributes = {
					C0EFC173278E19EF003788BD = {
						CreatedOnToolsVersion = 13.2.1;
					};
				};
			};
			buildConfigurationList = C0EFC16F278E19EF003788BD /* Build configuration list for PBXProject "ML-NLP_Demo" */;
			compatibilityVersion = "Xcode 13.0";
			developmentRegion = en;
			hasScannedForEncodings = 0;
			knownRegions = (
				en,
				Base,
			);
			mainGroup = C0EFC16B278E19EF003788BD;
			productRefGroup = C0EFC175278E19EF003788BD /* Products */;
			projectDirPath = "";
			projectReferences = (
				{
					ProductGroup = C0EFC18E278E2CE2003788BD /* Products */;
					ProjectRef = C0EFC18D278E2CE2003788BD /* Swifter.xcodeproj */;
				},
			);
			projectRoot = "";
			targets = (
				C0EFC173278E19EF003788BD /* ML-NLP_Demo */,
			);
		};
/* End PBXProject section */

/* Begin PBXReferenceProxy section */
		C0EFC196278E2CE2003788BD /* SwifteriOS.framework */ = {
			isa = PBXReferenceProxy;
			fileType = wrapper.framework;
			path = SwifteriOS.framework;
			remoteRef = C0EFC195278E2CE2003788BD /* PBXContainerItemProxy */;
			sourceTree = BUILT_PRODUCTS_DIR;
		};
		C0EFC198278E2CE2003788BD /* SwifterMac.framework */ = {
			isa = PBXReferenceProxy;
			fileType = wrapper.framework;
			path = SwifterMac.framework;
			remoteRef = C0EFC197278E2CE2003788BD /* PBXContainerItemProxy */;
			sourceTree = BUILT_PRODUCTS_DIR;
		};
		C0EFC19A278E2CE2003788BD /* SwifterDemoiOS.app */ = {
			isa = PBXReferenceProxy;
			fileType = wrapper.application;
			path = SwifterDemoiOS.app;
			remoteRef = C0EFC199278E2CE2003788BD /* PBXContainerItemProxy */;
			sourceTree = BUILT_PRODUCTS_DIR;
		};
		C0EFC19C278E2CE2003788BD /* SwifterDemoMac.app */ = {
			isa = PBXReferenceProxy;
			fileType = wrapper.application;
			path = SwifterDemoMac.app;
			remoteRef = C0EFC19B278E2CE2003788BD /* PBXContainerItemProxy */;
			sourceTree = BUILT_PRODUCTS_DIR;
		};
		C0EFC19E278E2CE2003788BD /* SwifterTests.xctest */ = {
			isa = PBXReferenceProxy;
			fileType = wrapper.cfbundle;
			path = SwifterTests.xctest;
			remoteRef = C0EFC19D278E2CE2003788BD /* PBXContainerItemProxy */;
			sourceTree = BUILT_PRODUCTS_DIR;
		};
/* End PBXReferenceProxy section */

/* Begin PBXResourcesBuildPhase section */
		C0EFC172278E19EF003788BD /* Resources */ = {
			isa = PBXResourcesBuildPhase;
			buildActionMask = 2147483647;
			files = (
				C0EFC1A4278EE8BB003788BD /* Secrets.plist in Resources */,
				C0EFC184278E19F0003788BD /* LaunchScreen.storyboard in Resources */,
				C0EFC181278E19F0003788BD /* Assets.xcassets in Resources */,
				C0EFC17F278E19EF003788BD /* Main.storyboard in Resources */,
				C0EFC1A6278EEE36003788BD /* .gitignore.rtf in Resources */,
			);
			runOnlyForDeploymentPostprocessing = 0;
		};
/* End PBXResourcesBuildPhase section */

/* Begin PBXSourcesBuildPhase section */
		C0EFC170278E19EF003788BD /* Sources */ = {
			isa = PBXSourcesBuildPhase;
			buildActionMask = 2147483647;
			files = (
				C0EFC17C278E19EF003788BD /* ViewController.swift in Sources */,
				C0EFC178278E19EF003788BD /* AppDelegate.swift in Sources */,
				C0EFC18C278E2622003788BD /* TweetSentimentClassifier.mlmodel in Sources */,
				C0EFC17A278E19EF003788BD /* SceneDelegate.swift in Sources */,
			);
			runOnlyForDeploymentPostprocessing = 0;
		};
/* End PBXSourcesBuildPhase section */

/* Begin PBXVariantGroup section */
		C0EFC17D278E19EF003788BD /* Main.storyboard */ = {
			isa = PBXVariantGroup;
			children = (
				C0EFC17E278E19EF003788BD /* Base */,
			);
			name = Main.storyboard;
			sourceTree = "<group>";
		};
		C0EFC182278E19F0003788BD /* LaunchScreen.storyboard */ = {
			isa = PBXVariantGroup;
			children = (
				C0EFC183278E19F0003788BD /* Base */,
			);
			name = LaunchScreen.storyboard;
			sourceTree = "<group>";
		};
/* End PBXVariantGroup section */

/* Begin XCBuildConfiguration section */
		C0EFC186278E19F0003788BD /* Debug */ = {
			isa = XCBuildConfiguration;
			buildSettings = {
				ALWAYS_SEARCH_USER_PATHS = NO;
				CLANG_ANALYZER_NONNULL = YES;
				CLANG_ANALYZER_NUMBER_OBJECT_CONVERSION = YES_AGGRESSIVE;
				CLANG_CXX_LANGUAGE_STANDARD = "gnu++17";
				CLANG_CXX_LIBRARY = "libc++";
				CLANG_ENABLE_MODULES = YES;
				CLANG_ENABLE_OBJC_ARC = YES;
				CLANG_ENABLE_OBJC_WEAK = YES;
				CLANG_WARN_BLOCK_CAPTURE_AUTORELEASING = YES;
				CLANG_WARN_BOOL_CONVERSION = YES;
				CLANG_WARN_COMMA = YES;
				CLANG_WARN_CONSTANT_CONVERSION = YES;
				CLANG_WARN_DEPRECATED_OBJC_IMPLEMENTATIONS = YES;
				CLANG_WARN_DIRECT_OBJC_ISA_USAGE = YES_ERROR;
				CLANG_WARN_DOCUMENTATION_COMMENTS = YES;
				CLANG_WARN_EMPTY_BODY = YES;
				CLANG_WARN_ENUM_CONVERSION = YES;
				CLANG_WARN_INFINITE_RECURSION = YES;
				CLANG_WARN_INT_CONVERSION = YES;
				CLANG_WARN_NON_LITERAL_NULL_CONVERSION = YES;
				CLANG_WARN_OBJC_IMPLICIT_RETAIN_SELF = YES;
				CLANG_WARN_OBJC_LITERAL_CONVERSION = YES;
				CLANG_WARN_OBJC_ROOT_CLASS = YES_ERROR;
				CLANG_WARN_QUOTED_INCLUDE_IN_FRAMEWORK_HEADER = YES;
				CLANG_WARN_RANGE_LOOP_ANALYSIS = YES;
				CLANG_WARN_STRICT_PROTOTYPES = YES;
				CLANG_WARN_SUSPICIOUS_MOVE = YES;
				CLANG_WARN_UNGUARDED_AVAILABILITY = YES_AGGRESSIVE;
				CLANG_WARN_UNREACHABLE_CODE = YES;
				CLANG_WARN__DUPLICATE_METHOD_MATCH = YES;
				COPY_PHASE_STRIP = NO;
				DEBUG_INFORMATION_FORMAT = dwarf;
				ENABLE_STRICT_OBJC_MSGSEND = YES;
				ENABLE_TESTABILITY = YES;
				GCC_C_LANGUAGE_STANDARD = gnu11;
				GCC_DYNAMIC_NO_PIC = NO;
				GCC_NO_COMMON_BLOCKS = YES;
				GCC_OPTIMIZATION_LEVEL = 0;
				GCC_PREPROCESSOR_DEFINITIONS = (
					"DEBUG=1",
					"$(inherited)",
				);
				GCC_WARN_64_TO_32_BIT_CONVERSION = YES;
				GCC_WARN_ABOUT_RETURN_TYPE = YES_ERROR;
				GCC_WARN_UNDECLARED_SELECTOR = YES;
				GCC_WARN_UNINITIALIZED_AUTOS = YES_AGGRESSIVE;
				GCC_WARN_UNUSED_FUNCTION = YES;
				GCC_WARN_UNUSED_VARIABLE = YES;
				IPHONEOS_DEPLOYMENT_TARGET = 15.2;
				MTL_ENABLE_DEBUG_INFO = INCLUDE_SOURCE;
				MTL_FAST_MATH = YES;
				ONLY_ACTIVE_ARCH = YES;
				SDKROOT = iphoneos;
				SWIFT_ACTIVE_COMPILATION_CONDITIONS = DEBUG;
				SWIFT_OPTIMIZATION_LEVEL = "-Onone";
			};
			name = Debug;
		};
		C0EFC187278E19F0003788BD /* Release */ = {
			isa = XCBuildConfiguration;
			buildSettings = {
				ALWAYS_SEARCH_USER_PATHS = NO;
				CLANG_ANALYZER_NONNULL = YES;
				CLANG_ANALYZER_NUMBER_OBJECT_CONVERSION = YES_AGGRESSIVE;
				CLANG_CXX_LANGUAGE_STANDARD = "gnu++17";
				CLANG_CXX_LIBRARY = "libc++";
				CLANG_ENABLE_MODULES = YES;
				CLANG_ENABLE_OBJC_ARC = YES;
				CLANG_ENABLE_OBJC_WEAK = YES;
				CLANG_WARN_BLOCK_CAPTURE_AUTORELEASING = YES;
				CLANG_WARN_BOOL_CONVERSION = YES;
				CLANG_WARN_COMMA = YES;
				CLANG_WARN_CONSTANT_CONVERSION = YES;
				CLANG_WARN_DEPRECATED_OBJC_IMPLEMENTATIONS = YES;
				CLANG_WARN_DIRECT_OBJC_ISA_USAGE = YES_ERROR;
				CLANG_WARN_DOCUMENTATION_COMMENTS = YES;
				CLANG_WARN_EMPTY_BODY = YES;
				CLANG_WARN_ENUM_CONVERSION = YES;
				CLANG_WARN_INFINITE_RECURSION = YES;
				CLANG_WARN_INT_CONVERSION = YES;
				CLANG_WARN_NON_LITERAL_NULL_CONVERSION = YES;
				CLANG_WARN_OBJC_IMPLICIT_RETAIN_SELF = YES;
				CLANG_WARN_OBJC_LITERAL_CONVERSION = YES;
				CLANG_WARN_OBJC_ROOT_CLASS = YES_ERROR;
				CLANG_WARN_QUOTED_INCLUDE_IN_FRAMEWORK_HEADER = YES;
				CLANG_WARN_RANGE_LOOP_ANALYSIS = YES;
				CLANG_WARN_STRICT_PROTOTYPES = YES;
				CLANG_WARN_SUSPICIOUS_MOVE = YES;
				CLANG_WARN_UNGUARDED_AVAILABILITY = YES_AGGRESSIVE;
				CLANG_WARN_UNREACHABLE_CODE = YES;
				CLANG_WARN__DUPLICATE_METHOD_MATCH = YES;
				COPY_PHASE_STRIP = NO;
				DEBUG_INFORMATION_FORMAT = "dwarf-with-dsym";
				ENABLE_NS_ASSERTIONS = NO;
				ENABLE_STRICT_OBJC_MSGSEND = YES;
				GCC_C_LANGUAGE_STANDARD = gnu11;
				GCC_NO_COMMON_BLOCKS = YES;
				GCC_WARN_64_TO_32_BIT_CONVERSION = YES;
				GCC_WARN_ABOUT_RETURN_TYPE = YES_ERROR;
				GCC_WARN_UNDECLARED_SELECTOR = YES;
				GCC_WARN_UNINITIALIZED_AUTOS = YES_AGGRESSIVE;
				GCC_WARN_UNUSED_FUNCTION = YES;
				GCC_WARN_UNUSED_VARIABLE = YES;
				IPHONEOS_DEPLOYMENT_TARGET = 15.2;
				MTL_ENABLE_DEBUG_INFO = NO;
				MTL_FAST_MATH = YES;
				SDKROOT = iphoneos;
				SWIFT_COMPILATION_MODE = wholemodule;
				SWIFT_OPTIMIZATION_LEVEL = "-O";
				VALIDATE_PRODUCT = YES;
			};
			name = Release;
		};
		C0EFC189278E19F0003788BD /* Debug */ = {
			isa = XCBuildConfiguration;
			buildSettings = {
				ASSETCATALOG_COMPILER_APPICON_NAME = AppIcon;
				ASSETCATALOG_COMPILER_GLOBAL_ACCENT_COLOR_NAME = AccentColor;
				CODE_SIGN_STYLE = Automatic;
				CURRENT_PROJECT_VERSION = 1;
				DEVELOPMENT_TEAM = C9QK36AN46;
				GENERATE_INFOPLIST_FILE = YES;
				INFOPLIST_FILE = "ML-NLP_Demo/Info.plist";
				INFOPLIST_KEY_UIApplicationSupportsIndirectInputEvents = YES;
				INFOPLIST_KEY_UILaunchStoryboardName = LaunchScreen;
				INFOPLIST_KEY_UIMainStoryboardFile = Main;
				INFOPLIST_KEY_UISupportedInterfaceOrientations_iPad = "UIInterfaceOrientationPortrait UIInterfaceOrientationPortraitUpsideDown UIInterfaceOrientationLandscapeLeft UIInterfaceOrientationLandscapeRight";
				INFOPLIST_KEY_UISupportedInterfaceOrientations_iPhone = "UIInterfaceOrientationPortrait UIInterfaceOrientationLandscapeLeft UIInterfaceOrientationLandscapeRight";
				LD_RUNPATH_SEARCH_PATHS = (
					"$(inherited)",
					"@executable_path/Frameworks",
				);
				MARKETING_VERSION = 1.0;
				PRODUCT_BUNDLE_IDENTIFIER = "niko.kharkevich.ML-NLP-Demo";
				PRODUCT_NAME = "$(TARGET_NAME)";
				SWIFT_EMIT_LOC_STRINGS = YES;
				SWIFT_VERSION = 5.0;
				TARGETED_DEVICE_FAMILY = "1,2";
			};
			name = Debug;
		};
		C0EFC18A278E19F0003788BD /* Release */ = {
			isa = XCBuildConfiguration;
			buildSettings = {
				ASSETCATALOG_COMPILER_APPICON_NAME = AppIcon;
				ASSETCATALOG_COMPILER_GLOBAL_ACCENT_COLOR_NAME = AccentColor;
				CODE_SIGN_STYLE = Automatic;
				CURRENT_PROJECT_VERSION = 1;
				DEVELOPMENT_TEAM = C9QK36AN46;
				GENERATE_INFOPLIST_FILE = YES;
				INFOPLIST_FILE = "ML-NLP_Demo/Info.plist";
				INFOPLIST_KEY_UIApplicationSupportsIndirectInputEvents = YES;
				INFOPLIST_KEY_UILaunchStoryboardName = LaunchScreen;
				INFOPLIST_KEY_UIMainStoryboardFile = Main;
				INFOPLIST_KEY_UISupportedInterfaceOrientations_iPad = "UIInterfaceOrientationPortrait UIInterfaceOrientationPortraitUpsideDown UIInterfaceOrientationLandscapeLeft UIInterfaceOrientationLandscapeRight";
				INFOPLIST_KEY_UISupportedInterfaceOrientations_iPhone = "UIInterfaceOrientationPortrait UIInterfaceOrientationLandscapeLeft UIInterfaceOrientationLandscapeRight";
				LD_RUNPATH_SEARCH_PATHS = (
					"$(inherited)",
					"@executable_path/Frameworks",
				);
				MARKETING_VERSION = 1.0;
				PRODUCT_BUNDLE_IDENTIFIER = "niko.kharkevich.ML-NLP-Demo";
				PRODUCT_NAME = "$(TARGET_NAME)";
				SWIFT_EMIT_LOC_STRINGS = YES;
				SWIFT_VERSION = 5.0;
				TARGETED_DEVICE_FAMILY = "1,2";
			};
			name = Release;
		};
/* End XCBuildConfiguration section */

/* Begin XCConfigurationList section */
		C0EFC16F278E19EF003788BD /* Build configuration list for PBXProject "ML-NLP_Demo" */ = {
			isa = XCConfigurationList;
			buildConfigurations = (
				C0EFC186278E19F0003788BD /* Debug */,
				C0EFC187278E19F0003788BD /* Release */,
			);
			defaultConfigurationIsVisible = 0;
			defaultConfigurationName = Release;
		};
		C0EFC188278E19F0003788BD /* Build configuration list for PBXNativeTarget "ML-NLP_Demo" */ = {
			isa = XCConfigurationList;
			buildConfigurations = (
				C0EFC189278E19F0003788BD /* Debug */,
				C0EFC18A278E19F0003788BD /* Release */,
			);
			defaultConfigurationIsVisible = 0;
			defaultConfigurationName = Release;
		};
/* End XCConfigurationList section */
	};
	rootObject = C0EFC16C278E19EF003788BD /* Project object */;
}
